
Microsoft Visual Studio Solution File, Format Version 12.00
# Visual Studio 15
VisualStudioVersion = 15.0.27130.2027
MinimumVisualStudioVersion = 10.0.40219.1
Project("{FAE04EC0-301F-11D3-BF4B-00C04F79EFBC}") = "MindBoxGeometry", "MindBoxGeometry\MindBoxGeometry.csproj", "{19F56061-501F-41C2-A15C-D716E394998E}"
EndProject
Project("{FAE04EC0-301F-11D3-BF4B-00C04F79EFBC}") = "MindboxGeometryDemo", "MindboxGeometryDemo\MindboxGeometryDemo.csproj", "{349E8B6F-5E7C-4286-A1D1-5E8DC6A6930F}"
EndProject
Project("{FAE04EC0-301F-11D3-BF4B-00C04F79EFBC}") = "MindBoxGeometry.Tests", "MindBoxGeometry.Tests\MindBoxGeometry.Tests.csproj", "{259511DB-FCDE-44A1-A5F5-F1546FF1C8B1}"
EndProject
Global
	GlobalSection(SolutionConfigurationPlatforms) = preSolution
		Debug|Any CPU = Debug|Any CPU
		Release|Any CPU = Release|Any CPU
	EndGlobalSection
	GlobalSection(ProjectConfigurationPlatforms) = postSolution
		{19F56061-501F-41C2-A15C-D716E394998E}.Debug|Any CPU.ActiveCfg = Debug|Any CPU
		{19F56061-501F-41C2-A15C-D716E394998E}.Debug|Any CPU.Build.0 = Debug|Any CPU
		{19F56061-501F-41C2-A15C-D716E394998E}.Release|Any CPU.ActiveCfg = Release|Any CPU
		{19F56061-501F-41C2-A15C-D716E394998E}.Release|Any CPU.Build.0 = Release|Any CPU
		{349E8B6F-5E7C-4286-A1D1-5E8DC6A6930F}.Debug|Any CPU.ActiveCfg = Debug|Any CPU
		{349E8B6F-5E7C-4286-A1D1-5E8DC6A6930F}.Debug|Any CPU.Build.0 = Debug|Any CPU
		{349E8B6F-5E7C-4286-A1D1-5E8DC6A6930F}.Release|Any CPU.ActiveCfg = Release|Any CPU
		{349E8B6F-5E7C-4286-A1D1-5E8DC6A6930F}.Release|Any CPU.Build.0 = Release|Any CPU
		{259511DB-FCDE-44A1-A5F5-F1546FF1C8B1}.Debug|Any CPU.ActiveCfg = Debug|Any CPU
		{259511DB-FCDE-44A1-A5F5-F1546FF1C8B1}.Debug|Any CPU.Build.0 = Debug|Any CPU
		{259511DB-FCDE-44A1-A5F5-F1546FF1C8B1}.Release|Any CPU.ActiveCfg = Release|Any CPU
		{259511DB-FCDE-44A1-A5F5-F1546FF1C8B1}.Release|Any CPU.Build.0 = Release|Any CPU
	EndGlobalSection
	GlobalSection(SolutionProperties) = preSolution
		HideSolutionNode = FALSE
	EndGlobalSection
	GlobalSection(ExtensibilityGlobals) = postSolution
		SolutionGuid = {3F49F690-9A5D-463F-B313-E6EF62E4FEF5}
	EndGlobalSection
EndGlobal
